
Microsoft Visual Studio Solution File, Format Version 12.00
# Visual Studio Version 16
VisualStudioVersion = 16.0.30503.244
MinimumVisualStudioVersion = 10.0.40219.1
Project("{9A19103F-16F7-4668-BE54-9A1E7A4F7556}") = "AppTest.Api", "AppTest.Api\AppTest.Api.csproj", "{501154CD-C99F-4E6D-8090-3DF2ADABFD1E}"
EndProject
Project("{9A19103F-16F7-4668-BE54-9A1E7A4F7556}") = "AppTest.Business", "AppTest.Business\AppTest.Business.csproj", "{A5878FBC-15D2-4280-8455-84B3A09871D4}"
EndProject
Project("{FAE04EC0-301F-11D3-BF4B-00C04F79EFBC}") = "AppTest.Dto", "AppTest.DTO\AppTest.Dto.csproj", "{F94C92CB-4C70-4B36-B6D0-A5B0F58C2F01}"
EndProject
Global
	GlobalSection(SolutionConfigurationPlatforms) = preSolution
		Debug|Any CPU = Debug|Any CPU
		Release|Any CPU = Release|Any CPU
	EndGlobalSection
	GlobalSection(ProjectConfigurationPlatforms) = postSolution
		{501154CD-C99F-4E6D-8090-3DF2ADABFD1E}.Debug|Any CPU.ActiveCfg = Debug|Any CPU
		{501154CD-C99F-4E6D-8090-3DF2ADABFD1E}.Debug|Any CPU.Build.0 = Debug|Any CPU
		{501154CD-C99F-4E6D-8090-3DF2ADABFD1E}.Release|Any CPU.ActiveCfg = Release|Any CPU
		{501154CD-C99F-4E6D-8090-3DF2ADABFD1E}.Release|Any CPU.Build.0 = Release|Any CPU
		{A5878FBC-15D2-4280-8455-84B3A09871D4}.Debug|Any CPU.ActiveCfg = Debug|Any CPU
		{A5878FBC-15D2-4280-8455-84B3A09871D4}.Debug|Any CPU.Build.0 = Debug|Any CPU
		{A5878FBC-15D2-4280-8455-84B3A09871D4}.Release|Any CPU.ActiveCfg = Release|Any CPU
		{A5878FBC-15D2-4280-8455-84B3A09871D4}.Release|Any CPU.Build.0 = Release|Any CPU
		{F94C92CB-4C70-4B36-B6D0-A5B0F58C2F01}.Debug|Any CPU.ActiveCfg = Debug|Any CPU
		{F94C92CB-4C70-4B36-B6D0-A5B0F58C2F01}.Debug|Any CPU.Build.0 = Debug|Any CPU
		{F94C92CB-4C70-4B36-B6D0-A5B0F58C2F01}.Release|Any CPU.ActiveCfg = Release|Any CPU
		{F94C92CB-4C70-4B36-B6D0-A5B0F58C2F01}.Release|Any CPU.Build.0 = Release|Any CPU
	EndGlobalSection
	GlobalSection(SolutionProperties) = preSolution
		HideSolutionNode = FALSE
	EndGlobalSection
	GlobalSection(ExtensibilityGlobals) = postSolution
		SolutionGuid = {71686D72-919D-4579-B084-F4809A99CBF8}
	EndGlobalSection
EndGlobal
